{
    "_readme": [
        "This file locks the dependencies of your project to a known state",
        "Read more about it at https://getcomposer.org/doc/01-basic-usage.md#installing-dependencies",
        "This file is @generated automatically"
    ],
    "content-hash": "1907daafc0388576c461a66ab9cee892",
    "packages": [
        {
            "name": "vosiz/php-enum",
            "version": "v2.3.0",
            "source": {
                "type": "git",
                "url": "https://github.com/vosiz/php-enum.git",
                "reference": "48cfcf68145cb048295ce8f9295ddb1870f18bde"
            },
            "dist": {
                "type": "zip",
                "url": "https://api.github.com/repos/vosiz/php-enum/zipball/48cfcf68145cb048295ce8f9295ddb1870f18bde",
                "reference": "48cfcf68145cb048295ce8f9295ddb1870f18bde",
                "shasum": ""
            },
            "require": {
                "php": ">=7.4",
                "vosiz/php-utils": ">=1.7.0"
            },
            "type": "library",
            "autoload": {
                "files": [
                    "src/enum.php"
                ],
                "psr-4": {
                    "Vosiz\\Enums\\": "src/"
                }
            },
            "notification-url": "https://packagist.org/downloads/",
            "license": [
                "MIT"
            ],
            "description": "PHP simple enum-like class",
            "support": {
                "issues": "https://github.com/vosiz/php-enum/issues",
                "source": "https://github.com/vosiz/php-enum/tree/v2.3.0"
            },
            "time": "2025-10-14T21:47:44+00:00"
        },
        {
            "name": "vosiz/php-utils",
            "version": "v1.8.0",
            "source": {
                "type": "git",
                "url": "https://github.com/vosiz/php-utils.git",
                "reference": "c40d2b93f50a160197a108fe65393d3d5d3c6b32"
            },
            "dist": {
                "type": "zip",
                "url": "https://api.github.com/repos/vosiz/php-utils/zipball/c40d2b93f50a160197a108fe65393d3d5d3c6b32",
                "reference": "c40d2b93f50a160197a108fe65393d3d5d3c6b32",
                "shasum": ""
            },
            "require": {
                "php": ">=7.4"
            },
            "type": "library",
            "autoload": {
                "files": [
                    "src/convert.php",
                    "src/functions.php",
                    "src/exc.php",
                    "src/object.php",
                    "src/collections/collection.php",
                    "src/collections/dic.php",
                    "src/singleton.php",
                    "src/compare.php"
                ],
                "psr-4": {
                    "Vosiz\\Utils\\": "src/"
                }
            },
            "notification-url": "https://packagist.org/downloads/",
            "license": [
                "MIT"
            ],
            "description": "A PHP utilities library",
            "support": {
                "issues": "https://github.com/vosiz/php-utils/issues",
                "source": "https://github.com/vosiz/php-utils/tree/v1.8.0"
            },
            "time": "2025-10-15T21:48:01+00:00"
        },
        {
            "name": "vosiz/va-tools",
            "version": "v1.8.3",
            "source": {
                "type": "git",
                "url": "https://github.com/vosiz/va-tools.git",
                "reference": "571fad8c07f00342207e4d3ba6458fe96663b751"
            },
            "dist": {
                "type": "zip",
                "url": "https://api.github.com/repos/vosiz/va-tools/zipball/571fad8c07f00342207e4d3ba6458fe96663b751",
                "reference": "571fad8c07f00342207e4d3ba6458fe96663b751",
                "shasum": ""
            },
            "require": {
                "php": ">=7.4",
                "vosiz/php-enum": ">=2.3.0",
                "vosiz/php-utils": ">=1.8.0"
            },
            "type": "library",
            "autoload": {
                "files": [
                    "src/db/dbcon.php",
                    "src/filter/strfilter.php",
                    "src/parser/url.php",
                    "src/struct/cred.php",
                    "src/struct/flag.php",
                    "src/struct/nodeh.php",
                    "src/format/xml/xml.php",
                    "src/shorty.php"
                ],
                "psr-4": {
                    "Vosiz\\VaTools\\": "src/"
                }
            },
            "notification-url": "https://packagist.org/downloads/",
            "license": [
                "MIT"
            ],
            "description": "PHP tools (from Variable Arts)",
            "support": {
                "issues": "https://github.com/vosiz/va-tools/issues",
                "source": "https://github.com/vosiz/va-tools/tree/v1.8.3"
            },
            "time": "2025-10-28T23:17:40+00:00"
        }
    ],
    "packages-dev": [],
    "aliases": [],
    "minimum-stability": "stable",
    "stability-flags": [],
    "prefer-stable": false,
    "prefer-lowest": false,
    "platform": {
        "php": ">=7.4"
    },
    "platform-dev": [],
    "plugin-api-version": "2.2.0"
}
