{
    "_readme": [
        "This file locks the dependencies of your project to a known state",
        "Read more about it at https://getcomposer.org/doc/01-basic-usage.md#installing-dependencies",
        "This file is @generated automatically"
    ],
    "content-hash": "d605a3fbcf1398f73c2faf434e1a1045",
    "packages": [
        {
            "name": "vosiz/php-enum",
            "version": "v2.3.0",
            "source": {
                "type": "git",
                "url": "https://github.com/vosiz/php-enum.git",
                "reference": "48cfcf68145cb048295ce8f9295ddb1870f18bde"
            },
            "dist": {
                "type": "zip",
                "url": "https://api.github.com/repos/vosiz/php-enum/zipball/48cfcf68145cb048295ce8f9295ddb1870f18bde",
                "reference": "48cfcf68145cb048295ce8f9295ddb1870f18bde",
                "shasum": ""
            },
            "require": {
                "php": ">=7.4",
                "vosiz/php-utils": ">=1.7.0"
            },
            "type": "library",
            "autoload": {
                "files": [
                    "src/enum.php"
                ],
                "psr-4": {
                    "Vosiz\\Enums\\": "src/"
                }
            },
            "notification-url": "https://packagist.org/downloads/",
            "license": [
                "MIT"
            ],
            "description": "PHP simple enum-like class",
            "support": {
                "issues": "https://github.com/vosiz/php-enum/issues",
                "source": "https://github.com/vosiz/php-enum/tree/v2.3.0"
            },
            "time": "2025-10-14T21:47:44+00:00"
        },
        {
            "name": "vosiz/php-utils",
            "version": "1.10.1",
            "source": {
                "type": "git",
                "url": "https://github.com/vosiz/php-utils.git",
                "reference": "99b082949cc082b25cd7f7c07740446217f141a6"
            },
            "dist": {
                "type": "zip",
                "url": "https://api.github.com/repos/vosiz/php-utils/zipball/99b082949cc082b25cd7f7c07740446217f141a6",
                "reference": "99b082949cc082b25cd7f7c07740446217f141a6",
                "shasum": ""
            },
            "require": {
                "php": ">=7.4"
            },
            "type": "library",
            "autoload": {
                "files": [
                    "src/convert.php",
                    "src/functions.php",
                    "src/exc.php",
                    "src/object.php",
                    "src/collections/collection.php",
                    "src/collections/dic.php",
                    "src/singleton.php",
                    "src/compare.php",
                    "src/crypto/pass.php",
                    "src/time.php"
                ],
                "psr-4": {
                    "Vosiz\\Utils\\": "src/"
                }
            },
            "notification-url": "https://packagist.org/downloads/",
            "license": [
                "MIT"
            ],
            "description": "A PHP utilities library",
            "support": {
                "issues": "https://github.com/vosiz/php-utils/issues",
                "source": "https://github.com/vosiz/php-utils/tree/1.10.1"
            },
            "time": "2026-06-27T00:08:01+00:00"
        },
        {
            "name": "vosiz/va-tools",
            "version": "v1.8.4",
            "source": {
                "type": "git",
                "url": "https://github.com/vosiz/va-tools.git",
                "reference": "28ca31c96bae82b10ae2ab16fe28f9007f6bc4ee"
            },
            "dist": {
                "type": "zip",
                "url": "https://api.github.com/repos/vosiz/va-tools/zipball/28ca31c96bae82b10ae2ab16fe28f9007f6bc4ee",
                "reference": "28ca31c96bae82b10ae2ab16fe28f9007f6bc4ee",
                "shasum": ""
            },
            "require": {
                "php": ">=7.4",
                "vosiz/php-enum": ">=2.3.0",
                "vosiz/php-utils": ">=1.8.0"
            },
            "type": "library",
            "autoload": {
                "files": [
                    "src/db/dbcon.php",
                    "src/filter/strfilter.php",
                    "src/parser/url.php",
                    "src/struct/cred.php",
                    "src/struct/flag.php",
                    "src/struct/nodeh.php",
                    "src/format/xml/xml.php",
                    "src/shorty.php"
                ],
                "psr-4": {
                    "Vosiz\\VaTools\\": "src/"
                }
            },
            "notification-url": "https://packagist.org/downloads/",
            "license": [
                "MIT"
            ],
            "description": "PHP tools (from Variable Arts)",
            "support": {
                "issues": "https://github.com/vosiz/va-tools/issues",
                "source": "https://github.com/vosiz/va-tools/tree/v1.8.4"
            },
            "time": "2026-06-27T16:01:49+00:00"
        }
    ],
    "packages-dev": [],
    "aliases": [],
    "minimum-stability": "stable",
    "stability-flags": {},
    "prefer-stable": false,
    "prefer-lowest": false,
    "platform": {
        "php": ">=7.4"
    },
    "platform-dev": {},
    "plugin-api-version": "2.9.0"
}
