{
    "_readme": [
        "This file locks the dependencies of your project to a known state",
        "Read more about it at https://getcomposer.org/doc/01-basic-usage.md#installing-dependencies",
        "This file is @generated automatically"
    ],
    "content-hash": "e6d46ccc40f24a1e90a4cf29e5b72898",
    "packages": [
        {
            "name": "vosiz/php-enum",
            "version": "v2.2.1",
            "source": {
                "type": "git",
                "url": "https://github.com/vosiz/php-enum.git",
                "reference": "ecbaeface488f296a1030d45a8b100b21518bc70"
            },
            "dist": {
                "type": "zip",
                "url": "https://api.github.com/repos/vosiz/php-enum/zipball/ecbaeface488f296a1030d45a8b100b21518bc70",
                "reference": "ecbaeface488f296a1030d45a8b100b21518bc70",
                "shasum": ""
            },
            "require": {
                "php": ">=7.4",
                "vosiz/php-utils": ">=1.1.5"
            },
            "type": "library",
            "autoload": {
                "files": [
                    "src/enum.php"
                ],
                "psr-4": {
                    "Vosiz\\Enums\\": "src/"
                }
            },
            "notification-url": "https://packagist.org/downloads/",
            "license": [
                "MIT"
            ],
            "description": "PHP simple enum-like class",
            "support": {
                "issues": "https://github.com/vosiz/php-enum/issues",
                "source": "https://github.com/vosiz/php-enum/tree/v2.2.1"
            },
            "time": "2025-03-15T22:25:06+00:00"
        },
        {
            "name": "vosiz/php-utils",
            "version": "v1.3.4",
            "source": {
                "type": "git",
                "url": "https://github.com/vosiz/php-utils.git",
                "reference": "ef53199841b8975a19ad406a81afda1b57910200"
            },
            "dist": {
                "type": "zip",
                "url": "https://api.github.com/repos/vosiz/php-utils/zipball/ef53199841b8975a19ad406a81afda1b57910200",
                "reference": "ef53199841b8975a19ad406a81afda1b57910200",
                "shasum": ""
            },
            "require": {
                "php": ">=7.4"
            },
            "type": "library",
            "autoload": {
                "files": [
                    "src/convert.php",
                    "src/functions.php",
                    "src/exc.php",
                    "src/keyval.php",
                    "src/collections/collection.php"
                ],
                "psr-4": {
                    "Vosiz\\Utils\\": "src/"
                }
            },
            "notification-url": "https://packagist.org/downloads/",
            "license": [
                "MIT"
            ],
            "description": "A PHP utilities library",
            "support": {
                "issues": "https://github.com/vosiz/php-utils/issues",
                "source": "https://github.com/vosiz/php-utils/tree/v1.3.4"
            },
            "time": "2025-03-14T21:20:33+00:00"
        },
        {
            "name": "vosiz/va-tools",
            "version": "v1.3.2",
            "source": {
                "type": "git",
                "url": "https://github.com/vosiz/va-tools.git",
                "reference": "7d2b5714e8532cb3d5149e5075895dde7cec8183"
            },
            "dist": {
                "type": "zip",
                "url": "https://api.github.com/repos/vosiz/va-tools/zipball/7d2b5714e8532cb3d5149e5075895dde7cec8183",
                "reference": "7d2b5714e8532cb3d5149e5075895dde7cec8183",
                "shasum": ""
            },
            "require": {
                "php": ">=7.4",
                "vosiz/php-enum": ">=2.2.0",
                "vosiz/php-utils": ">=1.3.4"
            },
            "type": "library",
            "autoload": {
                "files": [
                    "src/filter/strfilter.php",
                    "src/parser/url.php",
                    "src/struct/flag.php",
                    "src/struct/nodeh.php"
                ],
                "psr-4": {
                    "Vosiz\\VaTools\\": "src/"
                }
            },
            "notification-url": "https://packagist.org/downloads/",
            "license": [
                "MIT"
            ],
            "description": "PHP tools (from Varaible Arts)",
            "support": {
                "issues": "https://github.com/vosiz/va-tools/issues",
                "source": "https://github.com/vosiz/va-tools/tree/v1.3.2"
            },
            "time": "2025-03-20T01:42:46+00:00"
        }
    ],
    "packages-dev": [],
    "aliases": [],
    "minimum-stability": "stable",
    "stability-flags": [],
    "prefer-stable": false,
    "prefer-lowest": false,
    "platform": {
        "php": ">=7.4"
    },
    "platform-dev": [],
    "plugin-api-version": "2.2.0"
}
